
Microsoft Visual Studio Solution File, Format Version 11.00
# Visual Studio 2010
Project("{FAE04EC0-301F-11D3-BF4B-00C04F79EFBC}") = "Assembly-CSharp", "Assembly-CSharp.csproj", "{A1C84C88-7C2F-E3DB-FB91-FCF4E7E8EAE2}"
EndProject
Project("{FAE04EC0-301F-11D3-BF4B-00C04F79EFBC}") = "Assembly-CSharp-Editor", "Assembly-CSharp-Editor.csproj", "{AA2C678F-CE3F-0446-33A9-34DF8852B607}"
EndProject
Project("{FAE04EC0-301F-11D3-BF4B-00C04F79EFBC}") = "Assembly-CSharp-Editor-firstpass", "Assembly-CSharp-Editor-firstpass.csproj", "{3B62CDB7-F8A2-56D7-C038-257620DF8D53}"
EndProject
Global
	GlobalSection(SolutionConfigurationPlatforms) = preSolution
		Debug|Any CPU = Debug|Any CPU
		Release|Any CPU = Release|Any CPU
	EndGlobalSection
	GlobalSection(ProjectConfigurationPlatforms) = postSolution
		{A1C84C88-7C2F-E3DB-FB91-FCF4E7E8EAE2}.Debug|Any CPU.ActiveCfg = Debug|Any CPU
		{A1C84C88-7C2F-E3DB-FB91-FCF4E7E8EAE2}.Debug|Any CPU.Build.0 = Debug|Any CPU
		{A1C84C88-7C2F-E3DB-FB91-FCF4E7E8EAE2}.Release|Any CPU.ActiveCfg = Release|Any CPU
		{A1C84C88-7C2F-E3DB-FB91-FCF4E7E8EAE2}.Release|Any CPU.Build.0 = Release|Any CPU
		{AA2C678F-CE3F-0446-33A9-34DF8852B607}.Debug|Any CPU.ActiveCfg = Debug|Any CPU
		{AA2C678F-CE3F-0446-33A9-34DF8852B607}.Debug|Any CPU.Build.0 = Debug|Any CPU
		{AA2C678F-CE3F-0446-33A9-34DF8852B607}.Release|Any CPU.ActiveCfg = Release|Any CPU
		{AA2C678F-CE3F-0446-33A9-34DF8852B607}.Release|Any CPU.Build.0 = Release|Any CPU
		{3B62CDB7-F8A2-56D7-C038-257620DF8D53}.Debug|Any CPU.ActiveCfg = Debug|Any CPU
		{3B62CDB7-F8A2-56D7-C038-257620DF8D53}.Debug|Any CPU.Build.0 = Debug|Any CPU
		{3B62CDB7-F8A2-56D7-C038-257620DF8D53}.Release|Any CPU.ActiveCfg = Release|Any CPU
		{3B62CDB7-F8A2-56D7-C038-257620DF8D53}.Release|Any CPU.Build.0 = Release|Any CPU
	EndGlobalSection
	GlobalSection(SolutionProperties) = preSolution
		HideSolutionNode = FALSE
	EndGlobalSection
	GlobalSection(MonoDevelopProperties) = preSolution
		StartupItem = Assembly-CSharp.csproj
	EndGlobalSection
EndGlobal
